
Microsoft Visual Studio Solution File, Format Version 12.00
# Visual Studio Version 16
VisualStudioVersion = 16.0.30804.86
MinimumVisualStudioVersion = 10.0.40219.1
Project("{9A19103F-16F7-4668-BE54-9A1E7A4F7556}") = "Smart.Converter", "Smart.Converter\Smart.Converter.csproj", "{77F0D80C-3F85-4472-AD33-EE44F9D46691}"
EndProject
Project("{2150E333-8FDC-42A3-9474-1A3956D46DE8}") = "Solution Items", "Solution Items", "{6276B613-D83F-4FE6-B862-6C1B037A28F8}"
	ProjectSection(SolutionItems) = preProject
		.editorconfig = .editorconfig
		.gitattributes = .gitattributes
		.gitignore = .gitignore
		Directory.Build.props = Directory.Build.props
		Directory.Build.targets = Directory.Build.targets
		README.md = README.md
		Smart.Converter.ruleset = Smart.Converter.ruleset
		Smart.Converter.sln.DotSettings = Smart.Converter.sln.DotSettings
	EndProjectSection
EndProject
Project("{9A19103F-16F7-4668-BE54-9A1E7A4F7556}") = "Smart.Converter.Tests", "Smart.Converter.Tests\Smart.Converter.Tests.csproj", "{66D6F36F-EDDE-458F-9543-FD3C2E457226}"
EndProject
Global
	GlobalSection(SolutionConfigurationPlatforms) = preSolution
		Debug|Any CPU = Debug|Any CPU
		Release|Any CPU = Release|Any CPU
	EndGlobalSection
	GlobalSection(ProjectConfigurationPlatforms) = postSolution
		{77F0D80C-3F85-4472-AD33-EE44F9D46691}.Debug|Any CPU.ActiveCfg = Debug|Any CPU
		{77F0D80C-3F85-4472-AD33-EE44F9D46691}.Debug|Any CPU.Build.0 = Debug|Any CPU
		{77F0D80C-3F85-4472-AD33-EE44F9D46691}.Release|Any CPU.ActiveCfg = Release|Any CPU
		{77F0D80C-3F85-4472-AD33-EE44F9D46691}.Release|Any CPU.Build.0 = Release|Any CPU
		{66D6F36F-EDDE-458F-9543-FD3C2E457226}.Debug|Any CPU.ActiveCfg = Debug|Any CPU
		{66D6F36F-EDDE-458F-9543-FD3C2E457226}.Debug|Any CPU.Build.0 = Debug|Any CPU
		{66D6F36F-EDDE-458F-9543-FD3C2E457226}.Release|Any CPU.ActiveCfg = Release|Any CPU
		{66D6F36F-EDDE-458F-9543-FD3C2E457226}.Release|Any CPU.Build.0 = Release|Any CPU
	EndGlobalSection
	GlobalSection(SolutionProperties) = preSolution
		HideSolutionNode = FALSE
	EndGlobalSection
	GlobalSection(ExtensibilityGlobals) = postSolution
		SolutionGuid = {6C2A1757-E353-45EA-9D81-5350BB8AAA8F}
	EndGlobalSection
EndGlobal
